<Solution>
  <Folder Name="/samples/">
    <Project Path="samples/ZeroCqrs.Sample/ZeroCqrs.Sample.csproj" Id="681a561f-0c7b-4379-8d42-1b566bc4dd3e" />
  </Folder>
  <Folder Name="/Solution Items/">
    <File Path="README.md" />
  </Folder>
  <Folder Name="/src/">
    <Project Path="src/ZeroCqrs/ZeroCqrs.csproj" />
  </Folder>
  <Folder Name="/tests/">
    <Project Path="tests/ZeroCqrs.Tests/ZeroCqrs.Tests.csproj" />
  </Folder>
</Solution>
